
Microsoft Visual Studio Solution File, Format Version 12.00
# Visual Studio Version 17
VisualStudioVersion = 17.2.32526.322
MinimumVisualStudioVersion = 10.0.40219.1
Project("{9A19103F-16F7-4668-BE54-9A1E7A4F7556}") = "Bank-System", "Bank-System\Bank-System.csproj", "{429EAC86-508A-40E7-85B4-386651C5D685}"
EndProject
Global
	GlobalSection(SolutionConfigurationPlatforms) = preSolution
		Debug|Any CPU = Debug|Any CPU
		Release|Any CPU = Release|Any CPU
	EndGlobalSection
	GlobalSection(ProjectConfigurationPlatforms) = postSolution
		{429EAC86-508A-40E7-85B4-386651C5D685}.Debug|Any CPU.ActiveCfg = Debug|Any CPU
		{429EAC86-508A-40E7-85B4-386651C5D685}.Debug|Any CPU.Build.0 = Debug|Any CPU
		{429EAC86-508A-40E7-85B4-386651C5D685}.Release|Any CPU.ActiveCfg = Release|Any CPU
		{429EAC86-508A-40E7-85B4-386651C5D685}.Release|Any CPU.Build.0 = Release|Any CPU
	EndGlobalSection
	GlobalSection(SolutionProperties) = preSolution
		HideSolutionNode = FALSE
	EndGlobalSection
	GlobalSection(ExtensibilityGlobals) = postSolution
		SolutionGuid = {3FB81C0E-E2C9-4004-A9F2-89A7DA5AD947}
	EndGlobalSection
EndGlobal
